
Microsoft Visual Studio Solution File, Format Version 12.00
# Visual Studio Version 17
VisualStudioVersion = 17.3.32804.467
MinimumVisualStudioVersion = 10.0.40219.1
Project("{9A19103F-16F7-4668-BE54-9A1E7A4F7556}") = "Welcome", "Welcome\Welcome.csproj", "{D2BE2F77-AE5D-4CB5-89BB-A9AE77ABA3D4}"
EndProject
Project("{FAE04EC0-301F-11D3-BF4B-00C04F79EFBC}") = "WelcomeExtended", "WelcomeExtended\WelcomeExtended.csproj", "{789C5385-A15C-4C42-800C-AF13DBD11806}"
EndProject
Global
	GlobalSection(SolutionConfigurationPlatforms) = preSolution
		Debug|Any CPU = Debug|Any CPU
		Release|Any CPU = Release|Any CPU
	EndGlobalSection
	GlobalSection(ProjectConfigurationPlatforms) = postSolution
		{D2BE2F77-AE5D-4CB5-89BB-A9AE77ABA3D4}.Debug|Any CPU.ActiveCfg = Debug|Any CPU
		{D2BE2F77-AE5D-4CB5-89BB-A9AE77ABA3D4}.Debug|Any CPU.Build.0 = Debug|Any CPU
		{D2BE2F77-AE5D-4CB5-89BB-A9AE77ABA3D4}.Release|Any CPU.ActiveCfg = Release|Any CPU
		{D2BE2F77-AE5D-4CB5-89BB-A9AE77ABA3D4}.Release|Any CPU.Build.0 = Release|Any CPU
		{789C5385-A15C-4C42-800C-AF13DBD11806}.Debug|Any CPU.ActiveCfg = Debug|Any CPU
		{789C5385-A15C-4C42-800C-AF13DBD11806}.Debug|Any CPU.Build.0 = Debug|Any CPU
		{789C5385-A15C-4C42-800C-AF13DBD11806}.Release|Any CPU.ActiveCfg = Release|Any CPU
		{789C5385-A15C-4C42-800C-AF13DBD11806}.Release|Any CPU.Build.0 = Release|Any CPU
	EndGlobalSection
	GlobalSection(SolutionProperties) = preSolution
		HideSolutionNode = FALSE
	EndGlobalSection
	GlobalSection(ExtensibilityGlobals) = postSolution
		SolutionGuid = {AAB64DDC-7D30-42F5-958A-B49503BCEDE8}
	EndGlobalSection
EndGlobal
